
Microsoft Visual Studio Solution File, Format Version 12.00
# Visual Studio Version 16
VisualStudioVersion = 16.0.31402.337
MinimumVisualStudioVersion = 10.0.40219.1
Project("{8BC9CEB8-8B4A-11D0-8D11-00A0C91BC942}") = "TriJewel", "TriJewel.vcxproj", "{83B81229-85E9-4839-B3BA-56E0740AD097}"
EndProject
Global
	GlobalSection(SolutionConfigurationPlatforms) = preSolution
		Debug|x64 = Debug|x64
		Release|x64 = Release|x64
	EndGlobalSection
	GlobalSection(ProjectConfigurationPlatforms) = postSolution
		{83B81229-85E9-4839-B3BA-56E0740AD097}.Debug|x64.ActiveCfg = Debug|x64
		{83B81229-85E9-4839-B3BA-56E0740AD097}.Debug|x64.Build.0 = Debug|x64
		{83B81229-85E9-4839-B3BA-56E0740AD097}.Release|x64.ActiveCfg = Release|x64
		{83B81229-85E9-4839-B3BA-56E0740AD097}.Release|x64.Build.0 = Release|x64
	EndGlobalSection
	GlobalSection(SolutionProperties) = preSolution
		HideSolutionNode = FALSE
	EndGlobalSection
	GlobalSection(ExtensibilityGlobals) = postSolution
		SolutionGuid = {76FD4973-0DB1-4C50-AE4C-2E534B7B18CC}
	EndGlobalSection
EndGlobal
